
Microsoft Visual Studio Solution File, Format Version 12.00
# Visual Studio Version 17
VisualStudioVersion = 17.5.33502.453
MinimumVisualStudioVersion = 10.0.40219.1
Project("{FAE04EC0-301F-11D3-BF4B-00C04F79EFBC}") = "SnakeAndLadderPlay", "SnakeAndLadderPlay.csproj", "{812B035F-CEBE-42E3-80C2-E73983562D4A}"
EndProject
Global
	GlobalSection(SolutionConfigurationPlatforms) = preSolution
		Debug|Any CPU = Debug|Any CPU
		Release|Any CPU = Release|Any CPU
	EndGlobalSection
	GlobalSection(ProjectConfigurationPlatforms) = postSolution
		{812B035F-CEBE-42E3-80C2-E73983562D4A}.Debug|Any CPU.ActiveCfg = Debug|Any CPU
		{812B035F-CEBE-42E3-80C2-E73983562D4A}.Debug|Any CPU.Build.0 = Debug|Any CPU
		{812B035F-CEBE-42E3-80C2-E73983562D4A}.Release|Any CPU.ActiveCfg = Release|Any CPU
		{812B035F-CEBE-42E3-80C2-E73983562D4A}.Release|Any CPU.Build.0 = Release|Any CPU
	EndGlobalSection
	GlobalSection(SolutionProperties) = preSolution
		HideSolutionNode = FALSE
	EndGlobalSection
	GlobalSection(ExtensibilityGlobals) = postSolution
		SolutionGuid = {42C5043F-AF32-4A4E-8B23-B48D3EBAF0A4}
	EndGlobalSection
EndGlobal
